# This file is automatically @generated by Poetry 1.8.4 and should not be changed by hand.

[[package]]
name = "boto"
version = "2.49.0"
description = "Amazon Web Services Library"
optional = false
python-versions = "*"
files = [
    {file = "boto-2.49.0-py2.py3-none-any.whl", hash = "sha256:147758d41ae7240dc989f0039f27da8ca0d53734be0eb869ef16e3adcfa462e8"},
    {file = "boto-2.49.0.tar.gz", hash = "sha256:ea0d3b40a2d852767be77ca343b58a9e3a4b00d9db440efb8da74b4e58025e5a"},
]

[[package]]
name = "evdev"
version = "1.7.1"
description = "Bindings to the Linux input handling subsystem"
optional = false
python-versions = ">=3.6"
files = [
    {file = "evdev-1.7.1.tar.gz", hash = "sha256:0c72c370bda29d857e188d931019c32651a9c1ea977c08c8d939b1ced1637fde"},
]

[[package]]
name = "igraph"
version = "0.11.6"
description = "High performance graph data structures and algorithms"
optional = false
python-versions = ">=3.8"
files = [
    {file = "igraph-0.11.6-cp38-cp38-macosx_10_9_x86_64.whl", hash = "sha256:3f8b837181e8e87676be3873ce87cc92cc234efd58a2da2f6b4e050db150fcf4"},
    {file = "igraph-0.11.6-cp38-cp38-macosx_11_0_arm64.whl", hash = "sha256:245c4b7d7657849eff80416f5df4525c8fc44c74a981ee4d44f0ef2612c3bada"},
    {file = "igraph-0.11.6-cp38-cp38-manylinux_2_17_aarch64.manylinux2014_aarch64.whl", hash = "sha256:bdb7be3d165073c0136295c0808e9edc57ba096cdb26e94086abb04561f7a292"},
    {file = "igraph-0.11.6-cp38-cp38-manylinux_2_17_i686.manylinux2014_i686.whl", hash = "sha256:58974e20df2986a1ae52a16e51ecb387cc0cbeb41c5c0ddff4d373a1bbf1d9c5"},
    {file = "igraph-0.11.6-cp38-cp38-manylinux_2_17_x86_64.manylinux2014_x86_64.whl", hash = "sha256:7bef14de5e8ab70724a43808b1ed14aaa6fe1002f87e592289027a3827a8f44a"},
    {file = "igraph-0.11.6-cp38-cp38-musllinux_1_2_aarch64.whl", hash = "sha256:86c1e98de2e32d074df8510bf18abfa1f4c5fda4cb28a009985a5d746b0c0125"},
    {file = "igraph-0.11.6-cp38-cp38-musllinux_1_2_i686.whl", hash = "sha256:ebc5b3d702158abeb2e4d2414374586a2b932e1a07e48352b470600e1733d528"},
    {file = "igraph-0.11.6-cp38-cp38-musllinux_1_2_x86_64.whl", hash = "sha256:0efe6d0fb22d3987a800eb3857ed04df9eb4c5dddd0998be05232cb646f1c337"},
    {file = "igraph-0.11.6-cp38-cp38-win32.whl", hash = "sha256:f4e68b27497b1c8ada2fb2bc35ef3fa7b0d72e84306b3d648d3de240fc618c32"},
    {file = "igraph-0.11.6-cp38-cp38-win_amd64.whl", hash = "sha256:5665b33dfbfca5f54ce9b4fea6b97903bd0e99fb1b02acf5e57e600bdfa5a355"},
    {file = "igraph-0.11.6-cp39-abi3-macosx_10_9_x86_64.whl", hash = "sha256:8aabef03d787b519d1075dfc0da4a1109fb113b941334883e3e7947ac30a459e"},
    {file = "igraph-0.11.6-cp39-abi3-macosx_11_0_arm64.whl", hash = "sha256:1f2cc4a518d99cdf6cae514f85e93e56852bc8c325b3abb96037d1d690b5975f"},
    {file = "igraph-0.11.6-cp39-abi3-manylinux_2_17_aarch64.manylinux2014_aarch64.whl", hash = "sha256:c1e859238be52ab8ccc614d18f9362942bc88ce543afc12548f81ae99b10801d"},
    {file = "igraph-0.11.6-cp39-abi3-manylinux_2_17_i686.manylinux2014_i686.whl", hash = "sha256:d61fbe5e85eb4ae9efe08c461f9bdeedb02a2b5739fbc223d324a71f40a28be2"},
    {file = "igraph-0.11.6-cp39-abi3-manylinux_2_17_x86_64.manylinux2014_x86_64.whl", hash = "sha256:b6620ba39df29fd42151becf82309b54e57148233c9c3ef890eed62e25eed8a5"},
    {file = "igraph-0.11.6-cp39-abi3-musllinux_1_2_aarch64.whl", hash = "sha256:59666589bb3d07f310cda2c5106a8adeeb77c2ef27fecf1c6438b6091f4ca69d"},
    {file = "igraph-0.11.6-cp39-abi3-musllinux_1_2_i686.whl", hash = "sha256:8750b6d6caebf199cf7dc41c931f58e330153779707391e30f0a29f02666fb6e"},
    {file = "igraph-0.11.6-cp39-abi3-musllinux_1_2_x86_64.whl", hash = "sha256:967d6f2c30fe94317da15e459374d0fb8ca3e56020412f201ecd07dd5b5352f2"},
    {file = "igraph-0.11.6-cp39-abi3-win32.whl", hash = "sha256:9744f95a67319eb6cb487ceabf30f5d7940de34bada51f0ba63adbd23e0f94ad"},
    {file = "igraph-0.11.6-cp39-abi3-win_amd64.whl", hash = "sha256:b80e69eb11faa9c57330a9ffebdde5808966efe1c1f638d4d4827ea04df7aca8"},
    {file = "igraph-0.11.6-pp310-pypy310_pp73-macosx_10_15_x86_64.whl", hash = "sha256:0329c16092e2ea7930d5f8368666ce7cb704900cc0ea04e4afe9ea1dd46e44af"},
    {file = "igraph-0.11.6-pp310-pypy310_pp73-macosx_11_0_arm64.whl", hash = "sha256:21752313f449bd8688e5688e95ea7231cea5e9199c7162535029be0d9af848ac"},
    {file = "igraph-0.11.6-pp310-pypy310_pp73-manylinux_2_17_aarch64.manylinux2014_aarch64.whl", hash = "sha256:ea25e136c6c4161f53ff58868b23ff6c845193050ab0e502236d68e5d4174e32"},
    {file = "igraph-0.11.6-pp310-pypy310_pp73-manylinux_2_17_i686.manylinux2014_i686.whl", hash = "sha256:ac84433a03aef15e4b810010b08882b09854a3669450ccf31e392dbe295d2a66"},
    {file = "igraph-0.11.6-pp310-pypy310_pp73-manylinux_2_17_x86_64.manylinux2014_x86_64.whl", hash = "sha256:ac697a44e3573169fa2b28c9c37dcf9cf01e0f558b845dd7123860d4c7c8fb89"},
    {file = "igraph-0.11.6-pp310-pypy310_pp73-win_amd64.whl", hash = "sha256:bdeae8bf35316eb1fb27bf667dcf5ecf5fcfb0b8f51831bc1b00c39c09c2d73b"},
    {file = "igraph-0.11.6-pp38-pypy38_pp73-macosx_10_9_x86_64.whl", hash = "sha256:ad7e4aa442935de72554b96733bf6d7f09eac5cee97988a2562bdd3ca173cfa3"},
    {file = "igraph-0.11.6-pp38-pypy38_pp73-macosx_11_0_arm64.whl", hash = "sha256:8d2818780358a686178866d01568b9df1f29678581734ad7a78882bab54df004"},
    {file = "igraph-0.11.6-pp38-pypy38_pp73-manylinux_2_17_aarch64.manylinux2014_aarch64.whl", hash = "sha256:2352276a20d979f1dea360af4202bb9f0c9a7d2c77f51815c0e625165e82013d"},
    {file = "igraph-0.11.6-pp38-pypy38_pp73-manylinux_2_17_i686.manylinux2014_i686.whl", hash = "sha256:687fdab543b507d622fa3043f4227e5b26dc61dcf8ff8c0919fccddcc655f8b8"},
    {file = "igraph-0.11.6-pp38-pypy38_pp73-manylinux_2_17_x86_64.manylinux2014_x86_64.whl", hash = "sha256:57f7f8214cd48c9a4d97f7346a4152ba2d4ac95fb5ee0df4ecf224fce4ba3d14"},
    {file = "igraph-0.11.6-pp38-pypy38_pp73-win_amd64.whl", hash = "sha256:2b9cc69ede53f76ffae03b066609aa90184dd68ef15da8c104a97cebb9210838"},
    {file = "igraph-0.11.6-pp39-pypy39_pp73-macosx_10_15_x86_64.whl", hash = "sha256:591e1e447c3f0092daf7613a3eaedab83f9a0b0adbaf7702724c5117ded038a5"},
    {file = "igraph-0.11.6-pp39-pypy39_pp73-macosx_11_0_arm64.whl", hash = "sha256:ca558eb331bc687bc33e5cd23717e22676e9412f8cda3a31d30c996a0487610d"},
    {file = "igraph-0.11.6-pp39-pypy39_pp73-manylinux_2_17_aarch64.manylinux2014_aarch64.whl", hash = "sha256:bf43c30e08debb087c9e3da69aa5cf1b6732968da34d55a614e3421b9a452146"},
    {file = "igraph-0.11.6-pp39-pypy39_pp73-manylinux_2_17_i686.manylinux2014_i686.whl", hash = "sha256:1d38e8d7db72b187d9d2211d0d06b3271fa9f32b04d49d789e2859b5480db0d0"},
    {file = "igraph-0.11.6-pp39-pypy39_pp73-manylinux_2_17_x86_64.manylinux2014_x86_64.whl", hash = "sha256:1a318b059051ff78144a1c3cb880f4d933c812bcdb3d833a49cd7168d0427672"},
    {file = "igraph-0.11.6-pp39-pypy39_pp73-win_amd64.whl", hash = "sha256:2c54027add809b3c5b6685b8deca4ea4763fd000b9ea45c7ee46b7c9d61ff15e"},
    {file = "igraph-0.11.6.tar.gz", hash = "sha256:837f233256c3319f2a35a6a80d94eafe47b43791ef4c6f9e9871061341ac8e28"},
]

[package.dependencies]
texttable = ">=1.6.2"

[package.extras]
cairo = ["cairocffi (>=1.2.0)"]
doc = ["Sphinx (>=7.0.0)", "pydoctor (>=23.4.0)", "sphinx-gallery (>=0.14.0)", "sphinx-rtd-theme (>=1.3.0)"]
matplotlib = ["matplotlib (>=3.6.0)"]
plotly = ["plotly (>=5.3.0)"]
plotting = ["cairocffi (>=1.2.0)"]
test = ["Pillow (>=9)", "cairocffi (>=1.2.0)", "matplotlib (>=3.6.0)", "networkx (>=2.5)", "numpy (>=1.19.0)", "pandas (>=1.1.0)", "plotly (>=5.3.0)", "pytest (>=7.0.1)", "pytest-timeout (>=2.1.0)", "scipy (>=1.5.0)"]
test-musl = ["cairocffi (>=1.2.0)", "networkx (>=2.5)", "pytest (>=7.0.1)", "pytest-timeout (>=2.1.0)"]

[[package]]
name = "mpmath"
version = "1.3.0"
description = "Python library for arbitrary-precision floating-point arithmetic"
optional = false
python-versions = "*"
files = [
    {file = "mpmath-1.3.0-py3-none-any.whl", hash = "sha256:a0b2b9fe80bbcd81a6647ff13108738cfb482d481d826cc0e02f5b35e5c88d2c"},
    {file = "mpmath-1.3.0.tar.gz", hash = "sha256:7a28eb2a9774d00c7bc92411c19a89209d5da7c4c9a9e227be8330a23a25b91f"},
]

[package.extras]
develop = ["codecov", "pycodestyle", "pytest (>=4.6)", "pytest-cov", "wheel"]
docs = ["sphinx"]
gmpy = ["gmpy2 (>=2.1.0a4)"]
tests = ["pytest (>=4.6)"]

[[package]]
name = "numpy"
version = "2.1.2"
description = "Fundamental package for array computing in Python"
optional = false
python-versions = ">=3.10"
files = [
    {file = "numpy-2.1.2-cp310-cp310-macosx_10_9_x86_64.whl", hash = "sha256:30d53720b726ec36a7f88dc873f0eec8447fbc93d93a8f079dfac2629598d6ee"},
    {file = "numpy-2.1.2-cp310-cp310-macosx_11_0_arm64.whl", hash = "sha256:e8d3ca0a72dd8846eb6f7dfe8f19088060fcb76931ed592d29128e0219652884"},
    {file = "numpy-2.1.2-cp310-cp310-macosx_14_0_arm64.whl", hash = "sha256:fc44e3c68ff00fd991b59092a54350e6e4911152682b4782f68070985aa9e648"},
    {file = "numpy-2.1.2-cp310-cp310-macosx_14_0_x86_64.whl", hash = "sha256:7c1c60328bd964b53f8b835df69ae8198659e2b9302ff9ebb7de4e5a5994db3d"},
    {file = "numpy-2.1.2-cp310-cp310-manylinux_2_17_aarch64.manylinux2014_aarch64.whl", hash = "sha256:6cdb606a7478f9ad91c6283e238544451e3a95f30fb5467fbf715964341a8a86"},
    {file = "numpy-2.1.2-cp310-cp310-manylinux_2_17_x86_64.manylinux2014_x86_64.whl", hash = "sha256:d666cb72687559689e9906197e3bec7b736764df6a2e58ee265e360663e9baf7"},
    {file = "numpy-2.1.2-cp310-cp310-musllinux_1_1_x86_64.whl", hash = "sha256:c6eef7a2dbd0abfb0d9eaf78b73017dbfd0b54051102ff4e6a7b2980d5ac1a03"},
    {file = "numpy-2.1.2-cp310-cp310-musllinux_1_2_aarch64.whl", hash = "sha256:12edb90831ff481f7ef5f6bc6431a9d74dc0e5ff401559a71e5e4611d4f2d466"},
    {file = "numpy-2.1.2-cp310-cp310-win32.whl", hash = "sha256:a65acfdb9c6ebb8368490dbafe83c03c7e277b37e6857f0caeadbbc56e12f4fb"},
    {file = "numpy-2.1.2-cp310-cp310-win_amd64.whl", hash = "sha256:860ec6e63e2c5c2ee5e9121808145c7bf86c96cca9ad396c0bd3e0f2798ccbe2"},
    {file = "numpy-2.1.2-cp311-cp311-macosx_10_9_x86_64.whl", hash = "sha256:b42a1a511c81cc78cbc4539675713bbcf9d9c3913386243ceff0e9429ca892fe"},
    {file = "numpy-2.1.2-cp311-cp311-macosx_11_0_arm64.whl", hash = "sha256:faa88bc527d0f097abdc2c663cddf37c05a1c2f113716601555249805cf573f1"},
    {file = "numpy-2.1.2-cp311-cp311-macosx_14_0_arm64.whl", hash = "sha256:c82af4b2ddd2ee72d1fc0c6695048d457e00b3582ccde72d8a1c991b808bb20f"},
    {file = "numpy-2.1.2-cp311-cp311-macosx_14_0_x86_64.whl", hash = "sha256:13602b3174432a35b16c4cfb5de9a12d229727c3dd47a6ce35111f2ebdf66ff4"},
    {file = "numpy-2.1.2-cp311-cp311-manylinux_2_17_aarch64.manylinux2014_aarch64.whl", hash = "sha256:1ebec5fd716c5a5b3d8dfcc439be82a8407b7b24b230d0ad28a81b61c2f4659a"},
    {file = "numpy-2.1.2-cp311-cp311-manylinux_2_17_x86_64.manylinux2014_x86_64.whl", hash = "sha256:e2b49c3c0804e8ecb05d59af8386ec2f74877f7ca8fd9c1e00be2672e4d399b1"},
    {file = "numpy-2.1.2-cp311-cp311-musllinux_1_1_x86_64.whl", hash = "sha256:2cbba4b30bf31ddbe97f1c7205ef976909a93a66bb1583e983adbd155ba72ac2"},
    {file = "numpy-2.1.2-cp311-cp311-musllinux_1_2_aarch64.whl", hash = "sha256:8e00ea6fc82e8a804433d3e9cedaa1051a1422cb6e443011590c14d2dea59146"},
    {file = "numpy-2.1.2-cp311-cp311-win32.whl", hash = "sha256:5006b13a06e0b38d561fab5ccc37581f23c9511879be7693bd33c7cd15ca227c"},
    {file = "numpy-2.1.2-cp311-cp311-win_amd64.whl", hash = "sha256:f1eb068ead09f4994dec71c24b2844f1e4e4e013b9629f812f292f04bd1510d9"},
    {file = "numpy-2.1.2-cp312-cp312-macosx_10_13_x86_64.whl", hash = "sha256:d7bf0a4f9f15b32b5ba53147369e94296f5fffb783db5aacc1be15b4bf72f43b"},
    {file = "numpy-2.1.2-cp312-cp312-macosx_11_0_arm64.whl", hash = "sha256:b1d0fcae4f0949f215d4632be684a539859b295e2d0cb14f78ec231915d644db"},
    {file = "numpy-2.1.2-cp312-cp312-macosx_14_0_arm64.whl", hash = "sha256:f751ed0a2f250541e19dfca9f1eafa31a392c71c832b6bb9e113b10d050cb0f1"},
    {file = "numpy-2.1.2-cp312-cp312-macosx_14_0_x86_64.whl", hash = "sha256:bd33f82e95ba7ad632bc57837ee99dba3d7e006536200c4e9124089e1bf42426"},
    {file = "numpy-2.1.2-cp312-cp312-manylinux_2_17_aarch64.manylinux2014_aarch64.whl", hash = "sha256:1b8cde4f11f0a975d1fd59373b32e2f5a562ade7cde4f85b7137f3de8fbb29a0"},
    {file = "numpy-2.1.2-cp312-cp312-manylinux_2_17_x86_64.manylinux2014_x86_64.whl", hash = "sha256:6d95f286b8244b3649b477ac066c6906fbb2905f8ac19b170e2175d3d799f4df"},
    {file = "numpy-2.1.2-cp312-cp312-musllinux_1_1_x86_64.whl", hash = "sha256:ab4754d432e3ac42d33a269c8567413bdb541689b02d93788af4131018cbf366"},
    {file = "numpy-2.1.2-cp312-cp312-musllinux_1_2_aarch64.whl", hash = "sha256:e585c8ae871fd38ac50598f4763d73ec5497b0de9a0ab4ef5b69f01c6a046142"},
    {file = "numpy-2.1.2-cp312-cp312-win32.whl", hash = "sha256:9c6c754df29ce6a89ed23afb25550d1c2d5fdb9901d9c67a16e0b16eaf7e2550"},
    {file = "numpy-2.1.2-cp312-cp312-win_amd64.whl", hash = "sha256:456e3b11cb79ac9946c822a56346ec80275eaf2950314b249b512896c0d2505e"},
    {file = "numpy-2.1.2-cp313-cp313-macosx_10_13_x86_64.whl", hash = "sha256:a84498e0d0a1174f2b3ed769b67b656aa5460c92c9554039e11f20a05650f00d"},
    {file = "numpy-2.1.2-cp313-cp313-macosx_11_0_arm64.whl", hash = "sha256:4d6ec0d4222e8ffdab1744da2560f07856421b367928026fb540e1945f2eeeaf"},
    {file = "numpy-2.1.2-cp313-cp313-macosx_14_0_arm64.whl", hash = "sha256:259ec80d54999cc34cd1eb8ded513cb053c3bf4829152a2e00de2371bd406f5e"},
    {file = "numpy-2.1.2-cp313-cp313-macosx_14_0_x86_64.whl", hash = "sha256:675c741d4739af2dc20cd6c6a5c4b7355c728167845e3c6b0e824e4e5d36a6c3"},
    {file = "numpy-2.1.2-cp313-cp313-manylinux_2_17_aarch64.manylinux2014_aarch64.whl", hash = "sha256:05b2d4e667895cc55e3ff2b56077e4c8a5604361fc21a042845ea3ad67465aa8"},
    {file = "numpy-2.1.2-cp313-cp313-manylinux_2_17_x86_64.manylinux2014_x86_64.whl", hash = "sha256:43cca367bf94a14aca50b89e9bc2061683116cfe864e56740e083392f533ce7a"},
    {file = "numpy-2.1.2-cp313-cp313-musllinux_1_1_x86_64.whl", hash = "sha256:76322dcdb16fccf2ac56f99048af32259dcc488d9b7e25b51e5eca5147a3fb98"},
    {file = "numpy-2.1.2-cp313-cp313-musllinux_1_2_aarch64.whl", hash = "sha256:32e16a03138cabe0cb28e1007ee82264296ac0983714094380b408097a418cfe"},
    {file = "numpy-2.1.2-cp313-cp313-win32.whl", hash = "sha256:242b39d00e4944431a3cd2db2f5377e15b5785920421993770cddb89992c3f3a"},
    {file = "numpy-2.1.2-cp313-cp313-win_amd64.whl", hash = "sha256:f2ded8d9b6f68cc26f8425eda5d3877b47343e68ca23d0d0846f4d312ecaa445"},
    {file = "numpy-2.1.2-cp313-cp313t-macosx_10_13_x86_64.whl", hash = "sha256:2ffef621c14ebb0188a8633348504a35c13680d6da93ab5cb86f4e54b7e922b5"},
    {file = "numpy-2.1.2-cp313-cp313t-macosx_11_0_arm64.whl", hash = "sha256:ad369ed238b1959dfbade9018a740fb9392c5ac4f9b5173f420bd4f37ba1f7a0"},
    {file = "numpy-2.1.2-cp313-cp313t-macosx_14_0_arm64.whl", hash = "sha256:d82075752f40c0ddf57e6e02673a17f6cb0f8eb3f587f63ca1eaab5594da5b17"},
    {file = "numpy-2.1.2-cp313-cp313t-macosx_14_0_x86_64.whl", hash = "sha256:1600068c262af1ca9580a527d43dc9d959b0b1d8e56f8a05d830eea39b7c8af6"},
    {file = "numpy-2.1.2-cp313-cp313t-manylinux_2_17_aarch64.manylinux2014_aarch64.whl", hash = "sha256:a26ae94658d3ba3781d5e103ac07a876b3e9b29db53f68ed7df432fd033358a8"},
    {file = "numpy-2.1.2-cp313-cp313t-manylinux_2_17_x86_64.manylinux2014_x86_64.whl", hash = "sha256:13311c2db4c5f7609b462bc0f43d3c465424d25c626d95040f073e30f7570e35"},
    {file = "numpy-2.1.2-cp313-cp313t-musllinux_1_1_x86_64.whl", hash = "sha256:2abbf905a0b568706391ec6fa15161fad0fb5d8b68d73c461b3c1bab6064dd62"},
    {file = "numpy-2.1.2-cp313-cp313t-musllinux_1_2_aarch64.whl", hash = "sha256:ef444c57d664d35cac4e18c298c47d7b504c66b17c2ea91312e979fcfbdfb08a"},
    {file = "numpy-2.1.2-pp310-pypy310_pp73-macosx_10_15_x86_64.whl", hash = "sha256:bdd407c40483463898b84490770199d5714dcc9dd9b792f6c6caccc523c00952"},
    {file = "numpy-2.1.2-pp310-pypy310_pp73-macosx_14_0_x86_64.whl", hash = "sha256:da65fb46d4cbb75cb417cddf6ba5e7582eb7bb0b47db4b99c9fe5787ce5d91f5"},
    {file = "numpy-2.1.2-pp310-pypy310_pp73-manylinux_2_17_x86_64.manylinux2014_x86_64.whl", hash = "sha256:1c193d0b0238638e6fc5f10f1b074a6993cb13b0b431f64079a509d63d3aa8b7"},
    {file = "numpy-2.1.2-pp310-pypy310_pp73-win_amd64.whl", hash = "sha256:a7d80b2e904faa63068ead63107189164ca443b42dd1930299e0d1cb041cec2e"},
    {file = "numpy-2.1.2.tar.gz", hash = "sha256:13532a088217fa624c99b843eeb54640de23b3414b14aa66d023805eb731066c"},
]

[[package]]
name = "pip"
version = "24.2"
description = "The PyPA recommended tool for installing Python packages."
optional = false
python-versions = ">=3.8"
files = [
    {file = "pip-24.2-py3-none-any.whl", hash = "sha256:2cd581cf58ab7fcfca4ce8efa6dcacd0de5bf8d0a3eb9ec927e07405f4d9e2a2"},
    {file = "pip-24.2.tar.gz", hash = "sha256:5b5e490b5e9cb275c879595064adce9ebd31b854e3e803740b72f9ccf34a45b8"},
]

[[package]]
name = "pynput"
version = "1.7.7"
description = "Monitor and control user input devices"
optional = false
python-versions = "*"
files = [
    {file = "pynput-1.7.7-py2.py3-none-any.whl", hash = "sha256:afc43f651684c98818de048abc76adf9f2d3d797083cb07c1f82be764a2d44cb"},
]

[package.dependencies]
evdev = {version = ">=1.3", markers = "sys_platform in \"linux\""}
pyobjc-framework-ApplicationServices = {version = ">=8.0", markers = "sys_platform == \"darwin\""}
pyobjc-framework-Quartz = {version = ">=8.0", markers = "sys_platform == \"darwin\""}
python-xlib = {version = ">=0.17", markers = "sys_platform in \"linux\""}
six = "*"

[[package]]
name = "pyobjc-core"
version = "10.3.1"
description = "Python<->ObjC Interoperability Module"
optional = false
python-versions = ">=3.8"
files = [
    {file = "pyobjc_core-10.3.1-cp310-cp310-macosx_10_9_universal2.whl", hash = "sha256:ea46d2cda17921e417085ac6286d43ae448113158afcf39e0abe484c58fb3d78"},
    {file = "pyobjc_core-10.3.1-cp311-cp311-macosx_10_9_universal2.whl", hash = "sha256:899d3c84d2933d292c808f385dc881a140cf08632907845043a333a9d7c899f9"},
    {file = "pyobjc_core-10.3.1-cp312-cp312-macosx_10_9_universal2.whl", hash = "sha256:6ff5823d13d0a534cdc17fa4ad47cf5bee4846ce0fd27fc40012e12b46db571b"},
    {file = "pyobjc_core-10.3.1-cp313-cp313-macosx_10_13_universal2.whl", hash = "sha256:2581e8e68885bcb0e11ec619e81ef28e08ee3fac4de20d8cc83bc5af5bcf4a90"},
    {file = "pyobjc_core-10.3.1-cp38-cp38-macosx_10_9_x86_64.whl", hash = "sha256:ea98d4c2ec39ca29e62e0327db21418696161fb138ee6278daf2acbedf7ce504"},
    {file = "pyobjc_core-10.3.1-cp38-cp38-macosx_11_0_universal2.whl", hash = "sha256:4c179c26ee2123d0aabffb9dbc60324b62b6f8614fb2c2328b09386ef59ef6d8"},
    {file = "pyobjc_core-10.3.1-cp39-cp39-macosx_10_9_universal2.whl", hash = "sha256:cb901fce65c9be420c40d8a6ee6fff5ff27c6945f44fd7191989b982baa66dea"},
    {file = "pyobjc_core-10.3.1.tar.gz", hash = "sha256:b204a80ccc070f9ab3f8af423a3a25a6fd787e228508d00c4c30f8ac538ba720"},
]

[[package]]
name = "pyobjc-framework-applicationservices"
version = "10.3.1"
description = "Wrappers for the framework ApplicationServices on macOS"
optional = false
python-versions = ">=3.8"
files = [
    {file = "pyobjc_framework_ApplicationServices-10.3.1-cp310-cp310-macosx_10_9_universal2.whl", hash = "sha256:b694260d423c470cb90c3a7009cfde93e332ea6fb4b9b9526ad3acbd33460e3d"},
    {file = "pyobjc_framework_ApplicationServices-10.3.1-cp311-cp311-macosx_10_9_universal2.whl", hash = "sha256:d886ba1f65df47b77ff7546f3fc9bc7d08cfb6b3c04433b719f6b0689a2c0d1f"},
    {file = "pyobjc_framework_ApplicationServices-10.3.1-cp312-cp312-macosx_10_9_universal2.whl", hash = "sha256:be157f2c3ffb254064ef38249670af8cada5e519a714d2aa5da3740934d89bc8"},
    {file = "pyobjc_framework_ApplicationServices-10.3.1-cp313-cp313-macosx_10_13_universal2.whl", hash = "sha256:57737f41731661e4a3b78793ec9173f61242a32fa560c3e4e58484465d049c32"},
    {file = "pyobjc_framework_ApplicationServices-10.3.1-cp38-cp38-macosx_10_9_x86_64.whl", hash = "sha256:c429eca69ee675e781e4e55f79e939196b47f02560ad865b1ba9ac753b90bd77"},
    {file = "pyobjc_framework_ApplicationServices-10.3.1-cp38-cp38-macosx_11_0_universal2.whl", hash = "sha256:4f1814a17041a20adca454044080b52e39a4ebc567ad2c6a48866dd4beaa192a"},
    {file = "pyobjc_framework_ApplicationServices-10.3.1-cp39-cp39-macosx_10_9_universal2.whl", hash = "sha256:1252f1137f83eb2c6b9968d8c591363e8859dd2484bc9441d8f365bcfb43a0e4"},
    {file = "pyobjc_framework_applicationservices-10.3.1.tar.gz", hash = "sha256:f27cb64aa4d129ce671fd42638c985eb2a56d544214a95fe3214a007eacc4790"},
]

[package.dependencies]
pyobjc-core = ">=10.3.1"
pyobjc-framework-Cocoa = ">=10.3.1"
pyobjc-framework-CoreText = ">=10.3.1"
pyobjc-framework-Quartz = ">=10.3.1"

[[package]]
name = "pyobjc-framework-cocoa"
version = "10.3.1"
description = "Wrappers for the Cocoa frameworks on macOS"
optional = false
python-versions = ">=3.8"
files = [
    {file = "pyobjc_framework_Cocoa-10.3.1-cp310-cp310-macosx_10_9_universal2.whl", hash = "sha256:4cb4f8491ab4d9b59f5187e42383f819f7a46306a4fa25b84f126776305291d1"},
    {file = "pyobjc_framework_Cocoa-10.3.1-cp311-cp311-macosx_10_9_universal2.whl", hash = "sha256:5f31021f4f8fdf873b57a97ee1f3c1620dbe285e0b4eaed73dd0005eb72fd773"},
    {file = "pyobjc_framework_Cocoa-10.3.1-cp312-cp312-macosx_10_9_universal2.whl", hash = "sha256:11b4e0bad4bbb44a4edda128612f03cdeab38644bbf174de0c13129715497296"},
    {file = "pyobjc_framework_Cocoa-10.3.1-cp313-cp313-macosx_10_13_universal2.whl", hash = "sha256:de5e62e5ccf2871a94acf3bf79646b20ea893cc9db78afa8d1fe1b0d0f7cbdb0"},
    {file = "pyobjc_framework_Cocoa-10.3.1-cp38-cp38-macosx_10_9_x86_64.whl", hash = "sha256:6c5af24610ab639bd1f521ce4500484b40787f898f691b7a23da3339e6bc8b90"},
    {file = "pyobjc_framework_Cocoa-10.3.1-cp38-cp38-macosx_11_0_universal2.whl", hash = "sha256:a7151186bb7805deea434fae9a4423335e6371d105f29e73cc2036c6779a9dbc"},
    {file = "pyobjc_framework_Cocoa-10.3.1-cp39-cp39-macosx_10_9_universal2.whl", hash = "sha256:743d2a1ac08027fd09eab65814c79002a1d0421d7c0074ffd1217b6560889744"},
    {file = "pyobjc_framework_cocoa-10.3.1.tar.gz", hash = "sha256:1cf20714daaa986b488fb62d69713049f635c9d41a60c8da97d835710445281a"},
]

[package.dependencies]
pyobjc-core = ">=10.3.1"

[[package]]
name = "pyobjc-framework-coretext"
version = "10.3.1"
description = "Wrappers for the framework CoreText on macOS"
optional = false
python-versions = ">=3.8"
files = [
    {file = "pyobjc_framework_CoreText-10.3.1-cp310-cp310-macosx_10_9_universal2.whl", hash = "sha256:dd6123cfccc38e32be884d1a13fb62bd636ecb192b9e8ae2b8011c977dec229e"},
    {file = "pyobjc_framework_CoreText-10.3.1-cp311-cp311-macosx_10_9_universal2.whl", hash = "sha256:834142a14235bd80edaef8d3a28d1e203ed3c988810a9b78005df7c561390288"},
    {file = "pyobjc_framework_CoreText-10.3.1-cp312-cp312-macosx_10_9_universal2.whl", hash = "sha256:ae6c09d29eeaf30a67aa70e08a465b1f1e47d12e22b3a34ae8bc8fdb7e2e7342"},
    {file = "pyobjc_framework_CoreText-10.3.1-cp313-cp313-macosx_10_13_universal2.whl", hash = "sha256:51ca95df1db9401366f11a7467f64be57f9a0630d31c357237d4062df0216938"},
    {file = "pyobjc_framework_CoreText-10.3.1-cp38-cp38-macosx_10_9_x86_64.whl", hash = "sha256:8b75bdc267945b3f33c937c108d79405baf9d7c4cd530f922e5df243082a5031"},
    {file = "pyobjc_framework_CoreText-10.3.1-cp38-cp38-macosx_11_0_universal2.whl", hash = "sha256:029b24c338f58fc32a004256d8559507e4f366dfe4eb09d3144273d536012d90"},
    {file = "pyobjc_framework_CoreText-10.3.1-cp39-cp39-macosx_10_9_universal2.whl", hash = "sha256:418a55047dbff999fcd2b78cca167c4105587020b6c51567cfa28993bbfdc8ed"},
    {file = "pyobjc_framework_coretext-10.3.1.tar.gz", hash = "sha256:b8fa2d5078ed774431ae64ba886156e319aec0b8c6cc23dabfd86778265b416f"},
]

[package.dependencies]
pyobjc-core = ">=10.3.1"
pyobjc-framework-Cocoa = ">=10.3.1"
pyobjc-framework-Quartz = ">=10.3.1"

[[package]]
name = "pyobjc-framework-quartz"
version = "10.3.1"
description = "Wrappers for the Quartz frameworks on macOS"
optional = false
python-versions = ">=3.8"
files = [
    {file = "pyobjc_framework_Quartz-10.3.1-cp310-cp310-macosx_10_9_universal2.whl", hash = "sha256:5ef4fd315ed2bc42ef77fdeb2bae28a88ec986bd7b8079a87ba3b3475348f96e"},
    {file = "pyobjc_framework_Quartz-10.3.1-cp311-cp311-macosx_10_9_universal2.whl", hash = "sha256:96578d4a3e70164efe44ad7dc320ecd4e211758ffcde5dcd694de1bbdfe090a4"},
    {file = "pyobjc_framework_Quartz-10.3.1-cp312-cp312-macosx_10_9_universal2.whl", hash = "sha256:ca35f92486869a41847a1703bb176aab8a53dbfd8e678d1f4d68d8e6e1581c71"},
    {file = "pyobjc_framework_Quartz-10.3.1-cp313-cp313-macosx_10_13_universal2.whl", hash = "sha256:00a0933267e3a46ea4afcc35d117b2efb920f06de797fa66279c52e7057e3590"},
    {file = "pyobjc_framework_Quartz-10.3.1-cp38-cp38-macosx_10_9_x86_64.whl", hash = "sha256:a161bedb4c5257a02ad56a910cd7eefb28bdb0ea78607df0d70ed4efe4ea54c1"},
    {file = "pyobjc_framework_Quartz-10.3.1-cp38-cp38-macosx_11_0_universal2.whl", hash = "sha256:d7a8028e117a94923a511944bfa9daf9744e212f06cf89010c60934a479863a5"},
    {file = "pyobjc_framework_Quartz-10.3.1-cp39-cp39-macosx_10_9_universal2.whl", hash = "sha256:de00c983b3267eb26fa42c6ed9f15e2bf006bde8afa7fe2b390646aa21a5d6fc"},
    {file = "pyobjc_framework_quartz-10.3.1.tar.gz", hash = "sha256:b6d7e346d735c9a7f147cd78e6da79eeae416a0b7d3874644c83a23786c6f886"},
]

[package.dependencies]
pyobjc-core = ">=10.3.1"
pyobjc-framework-Cocoa = ">=10.3.1"

[[package]]
name = "python-xlib"
version = "0.33"
description = "Python X Library"
optional = false
python-versions = "*"
files = [
    {file = "python-xlib-0.33.tar.gz", hash = "sha256:55af7906a2c75ce6cb280a584776080602444f75815a7aff4d287bb2d7018b32"},
    {file = "python_xlib-0.33-py2.py3-none-any.whl", hash = "sha256:c3534038d42e0df2f1392a1b30a15a4ff5fdc2b86cfa94f072bf11b10a164398"},
]

[package.dependencies]
six = ">=1.10.0"

[[package]]
name = "six"
version = "1.16.0"
description = "Python 2 and 3 compatibility utilities"
optional = false
python-versions = ">=2.7, !=3.0.*, !=3.1.*, !=3.2.*"
files = [
    {file = "six-1.16.0-py2.py3-none-any.whl", hash = "sha256:8abb2f1d86890a2dfb989f9a77cfcfd3e47c2a354b01111771326f8aa26e0254"},
    {file = "six-1.16.0.tar.gz", hash = "sha256:1e61c37477a1626458e36f7b1d82aa5c9b094fa4802892072e49de9c60c4c926"},
]

[[package]]
name = "sympy"
version = "1.13.3"
description = "Computer algebra system (CAS) in Python"
optional = false
python-versions = ">=3.8"
files = [
    {file = "sympy-1.13.3-py3-none-any.whl", hash = "sha256:54612cf55a62755ee71824ce692986f23c88ffa77207b30c1368eda4a7060f73"},
    {file = "sympy-1.13.3.tar.gz", hash = "sha256:b27fd2c6530e0ab39e275fc9b683895367e51d5da91baa8d3d64db2565fec4d9"},
]

[package.dependencies]
mpmath = ">=1.1.0,<1.4"

[package.extras]
dev = ["hypothesis (>=6.70.0)", "pytest (>=7.1.0)"]

[[package]]
name = "texttable"
version = "1.7.0"
description = "module to create simple ASCII tables"
optional = false
python-versions = "*"
files = [
    {file = "texttable-1.7.0-py2.py3-none-any.whl", hash = "sha256:72227d592c82b3d7f672731ae73e4d1f88cd8e2ef5b075a7a7f01a23a3743917"},
    {file = "texttable-1.7.0.tar.gz", hash = "sha256:2d2068fb55115807d3ac77a4ca68fa48803e84ebb0ee2340f858107a36522638"},
]

[[package]]
name = "toml"
version = "0.10.2"
description = "Python Library for Tom's Obvious, Minimal Language"
optional = false
python-versions = ">=2.6, !=3.0.*, !=3.1.*, !=3.2.*"
files = [
    {file = "toml-0.10.2-py2.py3-none-any.whl", hash = "sha256:806143ae5bfb6a3c6e736a764057db0e6a0e05e338b5630894a5f779cabb4f9b"},
    {file = "toml-0.10.2.tar.gz", hash = "sha256:b3bda1d108d5dd99f4a20d24d9c348e91c4db7ab1b749200bded2f839ccbe68f"},
]

[[package]]
name = "wxpython"
version = "4.2.2"
description = "Cross platform GUI toolkit for Python, \"Phoenix\" version"
optional = false
python-versions = "*"
files = [
    {file = "wxPython-4.2.2-cp310-cp310-macosx_12_0_x86_64.whl", hash = "sha256:a83bc118417b715ee8fd7143faaf51adaa041ccae22cc6de99bc7f7bb7fc44ef"},
    {file = "wxPython-4.2.2-cp310-cp310-win32.whl", hash = "sha256:68923029a7e236374002af25c14aa311922b80f8d63e1f088e6176e12640fa3e"},
    {file = "wxPython-4.2.2-cp310-cp310-win_amd64.whl", hash = "sha256:a1f506144173010ae3354980d1a1da6ffcaeed87f2b1be9eef43f60fc8faeaa4"},
    {file = "wxPython-4.2.2-cp311-cp311-macosx_10_10_universal2.whl", hash = "sha256:0fe3cb940f5da4f0ec61c3cf37e63c0f577f09a7b9a5d3d7cfc59399eb18cb3b"},
    {file = "wxPython-4.2.2-cp311-cp311-win32.whl", hash = "sha256:f63863d52272f8c841b22e7128a339b6d93f3e4d8307d98ea346fa1ec6fbc13b"},
    {file = "wxPython-4.2.2-cp311-cp311-win_amd64.whl", hash = "sha256:008c55c60abb3dd66229e1849f10f6a7d5b9af9cc62de40fb9dec144686b5c4d"},
    {file = "wxPython-4.2.2-cp312-cp312-macosx_10_10_universal2.whl", hash = "sha256:5d536110a674cb44ff6112d910b26fe6b062d670a6c3840a41036abfe83acc6b"},
    {file = "wxPython-4.2.2-cp312-cp312-win32.whl", hash = "sha256:5298662b83792fa8e66e60fdc298dbc317fcf61c68facc506182c2914faef0db"},
    {file = "wxPython-4.2.2-cp312-cp312-win_amd64.whl", hash = "sha256:ea0cc206d40d6749f98f60eae2105382685e26bbf6c5a62a853543a0f3fd0ad7"},
    {file = "wxPython-4.2.2-cp313-cp313-macosx_10_13_universal2.whl", hash = "sha256:e3a6f0eebb8176135991851adbb1648da7f3beb0378752117c3b7ee05e8e55c6"},
    {file = "wxPython-4.2.2-cp313-cp313-win32.whl", hash = "sha256:c9310864b088d0f68d212360f261c8fec46a543c952da21805177519622b8524"},
    {file = "wxPython-4.2.2-cp313-cp313-win_amd64.whl", hash = "sha256:d8548ce4165e214601083d0d5767dba854a5e14f4e0ed4dbe56e2daf193a4575"},
    {file = "wxPython-4.2.2-cp38-cp38-macosx_12_0_x86_64.whl", hash = "sha256:e5ba9b29f64b466d2926c4a5c5a1b624f635c20b1c23ba27064ac9216d858b90"},
    {file = "wxPython-4.2.2-cp38-cp38-win32.whl", hash = "sha256:a391eacd10d0ba16333a186819307641803b0dc7a066d5fe4bd1c13f1cd2f44e"},
    {file = "wxPython-4.2.2-cp38-cp38-win_amd64.whl", hash = "sha256:b68a4cc0e5b648a0856ffd399ce04e6b750d9dbfba325c4a1f6201dc8e9e4886"},
    {file = "wxPython-4.2.2-cp39-cp39-macosx_12_0_x86_64.whl", hash = "sha256:a8c58154e05bb63e7b45dfd0ee379d354dc3372199a858260575e2817908434f"},
    {file = "wxPython-4.2.2-cp39-cp39-win32.whl", hash = "sha256:f7b879f29d91ef847c5e88bfb7c34a732a35f016896b1b7f87bc3e3d2d0a5a96"},
    {file = "wxPython-4.2.2-cp39-cp39-win_amd64.whl", hash = "sha256:c8d6509f5579732329df70070966a5d8152890e0213f9305801048f5e7408158"},
    {file = "wxPython-4.2.2.tar.gz", hash = "sha256:5dbcb0650f67fdc2c5965795a255ffaa3d7b09fb149aa8da2d0d9aa44e38e2ba"},
]

[package.dependencies]
numpy = {version = "*", markers = "python_version >= \"3.0\" and python_version < \"3.12\""}
six = "*"

[[package]]
name = "z3-solver"
version = "4.13.0.0"
description = "an efficient SMT solver library"
optional = false
python-versions = "*"
files = [
    {file = "z3-solver-4.13.0.0.tar.gz", hash = "sha256:52588e92aec7cb338fd6288ce93758ae01770f62ca0c80e8f4f2b2333feaf51b"},
    {file = "z3_solver-4.13.0.0-py2.py3-none-macosx_11_0_arm64.whl", hash = "sha256:bca7d59a699a440247537c2180c519d682c9df3520a16ce288fced61a70d253d"},
    {file = "z3_solver-4.13.0.0-py2.py3-none-macosx_11_0_x86_64.whl", hash = "sha256:4a4731fded91b32e1861e1c7c96e500da743bb9431246cac51f7c3ffc0f21b5d"},
    {file = "z3_solver-4.13.0.0-py2.py3-none-manylinux2014_aarch64.whl", hash = "sha256:9d622022a3511c059915c56b2c231c84b5c1be1b82f457d7560dda3d916474fe"},
    {file = "z3_solver-4.13.0.0-py2.py3-none-manylinux2014_x86_64.whl", hash = "sha256:8c42de82b6e3ff7ee61287d03c7af8a99f9f6554cdd1204c6b9bca96ff1cb7fb"},
    {file = "z3_solver-4.13.0.0-py2.py3-none-win32.whl", hash = "sha256:13468e1018c817b7f794898d3100f02541d15c13ab56c0785c5acdea32a066cf"},
    {file = "z3_solver-4.13.0.0-py2.py3-none-win_amd64.whl", hash = "sha256:3555436cfe9a5fa2d1b432fb9a5e4460e487649c22e5e68a56f7d81594d043e9"},
]

[metadata]
lock-version = "2.0"
python-versions = "^3.10"
content-hash = "f376c79b460f4d104d706ff7cbe5f7176a9862845890d471e7475a4e0b6b398b"
